
Microsoft Visual Studio Solution File, Format Version 12.00
# Visual Studio Version 17
VisualStudioVersion = 17.7.34031.279
MinimumVisualStudioVersion = 10.0.40219.1
Project("{FAE04EC0-301F-11D3-BF4B-00C04F79EFBC}") = "FinalHud", "FinalHud\FinalHud.csproj", "{A55B2FF1-632A-440D-B7CA-C62D1DF7165D}"
EndProject
Global
	GlobalSection(SolutionConfigurationPlatforms) = preSolution
		Debug|Any CPU = Debug|Any CPU
		Release|Any CPU = Release|Any CPU
	EndGlobalSection
	GlobalSection(ProjectConfigurationPlatforms) = postSolution
		{A55B2FF1-632A-440D-B7CA-C62D1DF7165D}.Debug|Any CPU.ActiveCfg = Debug|Any CPU
		{A55B2FF1-632A-440D-B7CA-C62D1DF7165D}.Debug|Any CPU.Build.0 = Debug|Any CPU
		{A55B2FF1-632A-440D-B7CA-C62D1DF7165D}.Release|Any CPU.ActiveCfg = Release|Any CPU
		{A55B2FF1-632A-440D-B7CA-C62D1DF7165D}.Release|Any CPU.Build.0 = Release|Any CPU
	EndGlobalSection
	GlobalSection(SolutionProperties) = preSolution
		HideSolutionNode = FALSE
	EndGlobalSection
	GlobalSection(ExtensibilityGlobals) = postSolution
		SolutionGuid = {AA89CDA6-1292-468A-B610-80EF1AEE2090}
	EndGlobalSection
EndGlobal
